
Microsoft Visual Studio Solution File, Format Version 12.00
# Visual Studio Version 16
VisualStudioVersion = 16.0.30804.86
MinimumVisualStudioVersion = 10.0.40219.1
Project("{FAE04EC0-301F-11D3-BF4B-00C04F79EFBC}") = "DirectoryUkraine", "DirectoryUkraine\DirectoryUkraine.csproj", "{D44ECEE1-2DA3-480E-9569-650A68711FB4}"
EndProject
Global
	GlobalSection(SolutionConfigurationPlatforms) = preSolution
		Debug|Any CPU = Debug|Any CPU
		Release|Any CPU = Release|Any CPU
	EndGlobalSection
	GlobalSection(ProjectConfigurationPlatforms) = postSolution
		{D44ECEE1-2DA3-480E-9569-650A68711FB4}.Debug|Any CPU.ActiveCfg = Debug|Any CPU
		{D44ECEE1-2DA3-480E-9569-650A68711FB4}.Debug|Any CPU.Build.0 = Debug|Any CPU
		{D44ECEE1-2DA3-480E-9569-650A68711FB4}.Release|Any CPU.ActiveCfg = Release|Any CPU
		{D44ECEE1-2DA3-480E-9569-650A68711FB4}.Release|Any CPU.Build.0 = Release|Any CPU
	EndGlobalSection
	GlobalSection(SolutionProperties) = preSolution
		HideSolutionNode = FALSE
	EndGlobalSection
	GlobalSection(ExtensibilityGlobals) = postSolution
		SolutionGuid = {C1F9E146-0451-4229-BB13-E4B9CEAAEB8B}
	EndGlobalSection
EndGlobal
